
Microsoft Visual Studio Solution File, Format Version 12.00
# Visual Studio Version 17
VisualStudioVersion = 17.13.35818.85
MinimumVisualStudioVersion = 10.0.40219.1
Project("{8BC9CEB8-8B4A-11D0-8D11-00A0C91BC942}") = "week01", "week01\week01.vcxproj", "{BDA16424-4941-480D-BD24-031173DC8056}"
EndProject
Project("{8BC9CEB8-8B4A-11D0-8D11-00A0C91BC942}") = "week02", "week02\week02.vcxproj", "{6A4AD9B7-B608-48AC-9D2D-D3CD9FEEE336}"
EndProject
Global
	GlobalSection(SolutionConfigurationPlatforms) = preSolution
		Debug|x64 = Debug|x64
		Debug|x86 = Debug|x86
		Release|x64 = Release|x64
		Release|x86 = Release|x86
	EndGlobalSection
	GlobalSection(ProjectConfigurationPlatforms) = postSolution
		{BDA16424-4941-480D-BD24-031173DC8056}.Debug|x64.ActiveCfg = Debug|x64
		{BDA16424-4941-480D-BD24-031173DC8056}.Debug|x64.Build.0 = Debug|x64
		{BDA16424-4941-480D-BD24-031173DC8056}.Debug|x86.ActiveCfg = Debug|Win32
		{BDA16424-4941-480D-BD24-031173DC8056}.Debug|x86.Build.0 = Debug|Win32
		{BDA16424-4941-480D-BD24-031173DC8056}.Release|x64.ActiveCfg = Release|x64
		{BDA16424-4941-480D-BD24-031173DC8056}.Release|x64.Build.0 = Release|x64
		{BDA16424-4941-480D-BD24-031173DC8056}.Release|x86.ActiveCfg = Release|Win32
		{BDA16424-4941-480D-BD24-031173DC8056}.Release|x86.Build.0 = Release|Win32
		{6A4AD9B7-B608-48AC-9D2D-D3CD9FEEE336}.Debug|x64.ActiveCfg = Debug|x64
		{6A4AD9B7-B608-48AC-9D2D-D3CD9FEEE336}.Debug|x64.Build.0 = Debug|x64
		{6A4AD9B7-B608-48AC-9D2D-D3CD9FEEE336}.Debug|x86.ActiveCfg = Debug|Win32
		{6A4AD9B7-B608-48AC-9D2D-D3CD9FEEE336}.Debug|x86.Build.0 = Debug|Win32
		{6A4AD9B7-B608-48AC-9D2D-D3CD9FEEE336}.Release|x64.ActiveCfg = Release|x64
		{6A4AD9B7-B608-48AC-9D2D-D3CD9FEEE336}.Release|x64.Build.0 = Release|x64
		{6A4AD9B7-B608-48AC-9D2D-D3CD9FEEE336}.Release|x86.ActiveCfg = Release|Win32
		{6A4AD9B7-B608-48AC-9D2D-D3CD9FEEE336}.Release|x86.Build.0 = Release|Win32
	EndGlobalSection
	GlobalSection(SolutionProperties) = preSolution
		HideSolutionNode = FALSE
	EndGlobalSection
	GlobalSection(ExtensibilityGlobals) = postSolution
		SolutionGuid = {91FAD734-6CA1-4E79-9655-A785DA398877}
	EndGlobalSection
EndGlobal
